
Microsoft Visual Studio Solution File, Format Version 12.00
# Visual Studio Version 17
VisualStudioVersion = 17.14.36518.9 d17.14
MinimumVisualStudioVersion = 10.0.40219.1
Project("{FAE04EC0-301F-11D3-BF4B-00C04F79EFBC}") = "GeneralAPI", "GeneralAPI\GeneralAPI.csproj", "{6B0CAE4E-3C16-4EA3-B105-B72FC7787AB9}"
EndProject
Global
	GlobalSection(SolutionConfigurationPlatforms) = preSolution
		Debug|Any CPU = Debug|Any CPU
		Release|Any CPU = Release|Any CPU
	EndGlobalSection
	GlobalSection(ProjectConfigurationPlatforms) = postSolution
		{6B0CAE4E-3C16-4EA3-B105-B72FC7787AB9}.Debug|Any CPU.ActiveCfg = Debug|Any CPU
		{6B0CAE4E-3C16-4EA3-B105-B72FC7787AB9}.Debug|Any CPU.Build.0 = Debug|Any CPU
		{6B0CAE4E-3C16-4EA3-B105-B72FC7787AB9}.Release|Any CPU.ActiveCfg = Release|Any CPU
		{6B0CAE4E-3C16-4EA3-B105-B72FC7787AB9}.Release|Any CPU.Build.0 = Release|Any CPU
	EndGlobalSection
	GlobalSection(SolutionProperties) = preSolution
		HideSolutionNode = FALSE
	EndGlobalSection
	GlobalSection(ExtensibilityGlobals) = postSolution
		SolutionGuid = {97B3E7F5-325A-4D9B-99EE-809292BFDD7C}
	EndGlobalSection
EndGlobal
